// !$*UTF8*$!
{
	archiveVersion = 1;
	classes = {
	};
	objectVersion = 55;
	objects = {

/* Begin PBXBuildFile section */
		29F40D3C9AE268A6E4B2F841 /* Pods_Instagram_feed.framework in Frameworks */ = {isa = PBXBuildFile; fileRef = 188C34CCC8BF8D9568C3611F /* Pods_Instagram_feed.framework */; };
		5D096D5829B3357B00439445 /* ProfileInfoHeaderCollectionReusableView.swift in Sources */ = {isa = PBXBuildFile; fileRef = 5D096D5729B3357B00439445 /* ProfileInfoHeaderCollectionReusableView.swift */; };
		5D096D5A29B3361200439445 /* ProfileTabsCollectionReusableView.swift in Sources */ = {isa = PBXBuildFile; fileRef = 5D096D5929B3361200439445 /* ProfileTabsCollectionReusableView.swift */; };
		5D096D5C29B3385400439445 /* PhotoCollectionViewCell.swift in Sources */ = {isa = PBXBuildFile; fileRef = 5D096D5B29B3385400439445 /* PhotoCollectionViewCell.swift */; };
		5D096D5F29B4567100439445 /* Models.swift in Sources */ = {isa = PBXBuildFile; fileRef = 5D096D5E29B4567100439445 /* Models.swift */; };
		5D1A440429BD71DD0067D212 /* NoNotificationsView.swift in Sources */ = {isa = PBXBuildFile; fileRef = 5D1A440329BD71DD0067D212 /* NoNotificationsView.swift */; };
		5D1A440729BD8F5B0067D212 /* NotificationsFollowEventTableViewCell.swift in Sources */ = {isa = PBXBuildFile; fileRef = 5D1A440629BD8F5B0067D212 /* NotificationsFollowEventTableViewCell.swift */; };
		5D1A440929BD8FC30067D212 /* NotificationsLikeEventTableViewCell.swift in Sources */ = {isa = PBXBuildFile; fileRef = 5D1A440829BD8FC30067D212 /* NotificationsLikeEventTableViewCell.swift */; };
		5D1C2A7029A5A4300028ED29 /* RegistrationViewController.swift in Sources */ = {isa = PBXBuildFile; fileRef = 5D1C2A6F29A5A4300028ED29 /* RegistrationViewController.swift */; };
		5D66FAAA29A9E21000801003 /* UIConstants.swift in Sources */ = {isa = PBXBuildFile; fileRef = 5D66FAA929A9E21000801003 /* UIConstants.swift */; };
		5D70FCD929A45C89001D1C37 /* AppDelegate.swift in Sources */ = {isa = PBXBuildFile; fileRef = 5D70FCD829A45C89001D1C37 /* AppDelegate.swift */; };
		5D70FCDB29A45C89001D1C37 /* SceneDelegate.swift in Sources */ = {isa = PBXBuildFile; fileRef = 5D70FCDA29A45C89001D1C37 /* SceneDelegate.swift */; };
		5D70FCDD29A45C89001D1C37 /* HomeViewController.swift in Sources */ = {isa = PBXBuildFile; fileRef = 5D70FCDC29A45C89001D1C37 /* HomeViewController.swift */; };
		5D70FCE029A45C89001D1C37 /* Main.storyboard in Resources */ = {isa = PBXBuildFile; fileRef = 5D70FCDE29A45C89001D1C37 /* Main.storyboard */; };
		5D70FCE229A45C8B001D1C37 /* Assets.xcassets in Resources */ = {isa = PBXBuildFile; fileRef = 5D70FCE129A45C8B001D1C37 /* Assets.xcassets */; };
		5D70FCE529A45C8B001D1C37 /* LaunchScreen.storyboard in Resources */ = {isa = PBXBuildFile; fileRef = 5D70FCE329A45C8B001D1C37 /* LaunchScreen.storyboard */; };
		5D70FD0F29A45F13001D1C37 /* ExploreViewController.swift in Sources */ = {isa = PBXBuildFile; fileRef = 5D70FD0E29A45F13001D1C37 /* ExploreViewController.swift */; };
		5D70FD1129A45F5C001D1C37 /* CameraViewController.swift in Sources */ = {isa = PBXBuildFile; fileRef = 5D70FD1029A45F5C001D1C37 /* CameraViewController.swift */; };
		5D70FD1329A45F88001D1C37 /* ProfileViewController.swift in Sources */ = {isa = PBXBuildFile; fileRef = 5D70FD1229A45F88001D1C37 /* ProfileViewController.swift */; };
		5D70FD1529A45FBB001D1C37 /* NotificationsViewController.swift in Sources */ = {isa = PBXBuildFile; fileRef = 5D70FD1429A45FBB001D1C37 /* NotificationsViewController.swift */; };
		5D70FD1A29A4619F001D1C37 /* LoginViewController.swift in Sources */ = {isa = PBXBuildFile; fileRef = 5D70FD1929A4619F001D1C37 /* LoginViewController.swift */; };
		5D96081129A6A35E00FA33DA /* GoogleService-Info.plist in Resources */ = {isa = PBXBuildFile; fileRef = 5D96081029A6A35E00FA33DA /* GoogleService-Info.plist */; };
		5D96081629A6C6F700FA33DA /* PostViewController.swift in Sources */ = {isa = PBXBuildFile; fileRef = 5D96081529A6C6F700FA33DA /* PostViewController.swift */; };
		5D96081829A6C72900FA33DA /* EditProfileViewController.swift in Sources */ = {isa = PBXBuildFile; fileRef = 5D96081729A6C72900FA33DA /* EditProfileViewController.swift */; };
		5D96081A29A6C74A00FA33DA /* PublishPostViewController.swift in Sources */ = {isa = PBXBuildFile; fileRef = 5D96081929A6C74A00FA33DA /* PublishPostViewController.swift */; };
		5D96081C29A6D16500FA33DA /* PostEditorViewController.swift in Sources */ = {isa = PBXBuildFile; fileRef = 5D96081B29A6D16500FA33DA /* PostEditorViewController.swift */; };
		5D96081E29A6D19700FA33DA /* SettingsViewController.swift in Sources */ = {isa = PBXBuildFile; fileRef = 5D96081D29A6D19700FA33DA /* SettingsViewController.swift */; };
		5D96082029A6D1B000FA33DA /* SearchResultViewController.swift in Sources */ = {isa = PBXBuildFile; fileRef = 5D96081F29A6D1B000FA33DA /* SearchResultViewController.swift */; };
		5D96082229A6D1E600FA33DA /* ListViewController.swift in Sources */ = {isa = PBXBuildFile; fileRef = 5D96082129A6D1E600FA33DA /* ListViewController.swift */; };
		5D96082429A6D21200FA33DA /* SearchViewController.swift in Sources */ = {isa = PBXBuildFile; fileRef = 5D96082329A6D21200FA33DA /* SearchViewController.swift */; };
		5D96082629A6D3D000FA33DA /* DatabaseManager.swift in Sources */ = {isa = PBXBuildFile; fileRef = 5D96082529A6D3D000FA33DA /* DatabaseManager.swift */; };
		5D96082829A6D84B00FA33DA /* AuthManager.swift in Sources */ = {isa = PBXBuildFile; fileRef = 5D96082729A6D84B00FA33DA /* AuthManager.swift */; };
		5D96082A29A6D8F100FA33DA /* StorageManager.swift in Sources */ = {isa = PBXBuildFile; fileRef = 5D96082929A6D8F100FA33DA /* StorageManager.swift */; };
		5D96082C29A6E1CB00FA33DA /* Extentions.swift in Sources */ = {isa = PBXBuildFile; fileRef = 5D96082B29A6E1CB00FA33DA /* Extentions.swift */; };
		5DD1CC3229AC8C6A00CA424D /* IGFeedPostTableViewCell.swift in Sources */ = {isa = PBXBuildFile; fileRef = 5DD1CC3129AC8C6A00CA424D /* IGFeedPostTableViewCell.swift */; };
		5DD1CC3629AC939300CA424D /* IGFeedPostHeaderTableViewCell.swift in Sources */ = {isa = PBXBuildFile; fileRef = 5DD1CC3529AC939300CA424D /* IGFeedPostHeaderTableViewCell.swift */; };
		5DD1CC3829AC961C00CA424D /* IGFeedPostActionsTableViewCell.swift in Sources */ = {isa = PBXBuildFile; fileRef = 5DD1CC3729AC961C00CA424D /* IGFeedPostActionsTableViewCell.swift */; };
		5DD1CC3A29AC969D00CA424D /* IGFeedPostGeneralTableViewCell.swift in Sources */ = {isa = PBXBuildFile; fileRef = 5DD1CC3929AC969D00CA424D /* IGFeedPostGeneralTableViewCell.swift */; };
		5DD1CC4029AEF0F800CA424D /* FormTableViewCell.swift in Sources */ = {isa = PBXBuildFile; fileRef = 5DD1CC3F29AEF0F800CA424D /* FormTableViewCell.swift */; };
		5DE8F68929BAB81700C80991 /* UserFollowTableViewCell.swift in Sources */ = {isa = PBXBuildFile; fileRef = 5DE8F68829BAB81700C80991 /* UserFollowTableViewCell.swift */; };
		5DE8F68B29BABDFB00C80991 /* PhotoTableViewCell.swift in Sources */ = {isa = PBXBuildFile; fileRef = 5DE8F68A29BABDFB00C80991 /* PhotoTableViewCell.swift */; };
/* End PBXBuildFile section */

/* Begin PBXFileReference section */
		188C34CCC8BF8D9568C3611F /* Pods_Instagram_feed.framework */ = {isa = PBXFileReference; explicitFileType = wrapper.framework; includeInIndex = 0; path = Pods_Instagram_feed.framework; sourceTree = BUILT_PRODUCTS_DIR; };
		258A9D55B76F4258E60AA630 /* Pods-Instagram_feed.debug.xcconfig */ = {isa = PBXFileReference; includeInIndex = 1; lastKnownFileType = text.xcconfig; name = "Pods-Instagram_feed.debug.xcconfig"; path = "Target Support Files/Pods-Instagram_feed/Pods-Instagram_feed.debug.xcconfig"; sourceTree = "<group>"; };
		5D096D5729B3357B00439445 /* ProfileInfoHeaderCollectionReusableView.swift */ = {isa = PBXFileReference; lastKnownFileType = sourcecode.swift; path = ProfileInfoHeaderCollectionReusableView.swift; sourceTree = "<group>"; };
		5D096D5929B3361200439445 /* ProfileTabsCollectionReusableView.swift */ = {isa = PBXFileReference; lastKnownFileType = sourcecode.swift; path = ProfileTabsCollectionReusableView.swift; sourceTree = "<group>"; };
		5D096D5B29B3385400439445 /* PhotoCollectionViewCell.swift */ = {isa = PBXFileReference; lastKnownFileType = sourcecode.swift; path = PhotoCollectionViewCell.swift; sourceTree = "<group>"; };
		5D096D5E29B4567100439445 /* Models.swift */ = {isa = PBXFileReference; lastKnownFileType = sourcecode.swift; path = Models.swift; sourceTree = "<group>"; };
		5D1A440329BD71DD0067D212 /* NoNotificationsView.swift */ = {isa = PBXFileReference; lastKnownFileType = sourcecode.swift; path = NoNotificationsView.swift; sourceTree = "<group>"; };
		5D1A440629BD8F5B0067D212 /* NotificationsFollowEventTableViewCell.swift */ = {isa = PBXFileReference; lastKnownFileType = sourcecode.swift; path = NotificationsFollowEventTableViewCell.swift; sourceTree = "<group>"; };
		5D1A440829BD8FC30067D212 /* NotificationsLikeEventTableViewCell.swift */ = {isa = PBXFileReference; lastKnownFileType = sourcecode.swift; path = NotificationsLikeEventTableViewCell.swift; sourceTree = "<group>"; };
		5D1C2A6F29A5A4300028ED29 /* RegistrationViewController.swift */ = {isa = PBXFileReference; lastKnownFileType = sourcecode.swift; path = RegistrationViewController.swift; sourceTree = "<group>"; };
		5D66FAA929A9E21000801003 /* UIConstants.swift */ = {isa = PBXFileReference; lastKnownFileType = sourcecode.swift; path = UIConstants.swift; sourceTree = "<group>"; };
		5D70FCD529A45C89001D1C37 /* Instagram_feed.app */ = {isa = PBXFileReference; explicitFileType = wrapper.application; includeInIndex = 0; path = Instagram_feed.app; sourceTree = BUILT_PRODUCTS_DIR; };
		5D70FCD829A45C89001D1C37 /* AppDelegate.swift */ = {isa = PBXFileReference; lastKnownFileType = sourcecode.swift; path = AppDelegate.swift; sourceTree = "<group>"; };
		5D70FCDA29A45C89001D1C37 /* SceneDelegate.swift */ = {isa = PBXFileReference; lastKnownFileType = sourcecode.swift; path = SceneDelegate.swift; sourceTree = "<group>"; };
		5D70FCDC29A45C89001D1C37 /* HomeViewController.swift */ = {isa = PBXFileReference; lastKnownFileType = sourcecode.swift; path = HomeViewController.swift; sourceTree = "<group>"; };
		5D70FCDF29A45C89001D1C37 /* Base */ = {isa = PBXFileReference; lastKnownFileType = file.storyboard; name = Base; path = Base.lproj/Main.storyboard; sourceTree = "<group>"; };
		5D70FCE129A45C8B001D1C37 /* Assets.xcassets */ = {isa = PBXFileReference; lastKnownFileType = folder.assetcatalog; path = Assets.xcassets; sourceTree = "<group>"; };
		5D70FCE429A45C8B001D1C37 /* Base */ = {isa = PBXFileReference; lastKnownFileType = file.storyboard; name = Base; path = Base.lproj/LaunchScreen.storyboard; sourceTree = "<group>"; };
		5D70FCE629A45C8B001D1C37 /* Info.plist */ = {isa = PBXFileReference; lastKnownFileType = text.plist.xml; path = Info.plist; sourceTree = "<group>"; };
		5D70FD0E29A45F13001D1C37 /* ExploreViewController.swift */ = {isa = PBXFileReference; lastKnownFileType = sourcecode.swift; path = ExploreViewController.swift; sourceTree = "<group>"; };
		5D70FD1029A45F5C001D1C37 /* CameraViewController.swift */ = {isa = PBXFileReference; lastKnownFileType = sourcecode.swift; path = CameraViewController.swift; sourceTree = "<group>"; };
		5D70FD1229A45F88001D1C37 /* ProfileViewController.swift */ = {isa = PBXFileReference; lastKnownFileType = sourcecode.swift; path = ProfileViewController.swift; sourceTree = "<group>"; };
		5D70FD1429A45FBB001D1C37 /* NotificationsViewController.swift */ = {isa = PBXFileReference; lastKnownFileType = sourcecode.swift; path = NotificationsViewController.swift; sourceTree = "<group>"; };
		5D70FD1929A4619F001D1C37 /* LoginViewController.swift */ = {isa = PBXFileReference; lastKnownFileType = sourcecode.swift; path = LoginViewController.swift; sourceTree = "<group>"; };
		5D96081029A6A35E00FA33DA /* GoogleService-Info.plist */ = {isa = PBXFileReference; fileEncoding = 4; lastKnownFileType = text.plist.xml; path = "GoogleService-Info.plist"; sourceTree = "<group>"; };
		5D96081529A6C6F700FA33DA /* PostViewController.swift */ = {isa = PBXFileReference; lastKnownFileType = sourcecode.swift; path = PostViewController.swift; sourceTree = "<group>"; };
		5D96081729A6C72900FA33DA /* EditProfileViewController.swift */ = {isa = PBXFileReference; lastKnownFileType = sourcecode.swift; path = EditProfileViewController.swift; sourceTree = "<group>"; };
		5D96081929A6C74A00FA33DA /* PublishPostViewController.swift */ = {isa = PBXFileReference; lastKnownFileType = sourcecode.swift; path = PublishPostViewController.swift; sourceTree = "<group>"; };
		5D96081B29A6D16500FA33DA /* PostEditorViewController.swift */ = {isa = PBXFileReference; lastKnownFileType = sourcecode.swift; path = PostEditorViewController.swift; sourceTree = "<group>"; };
		5D96081D29A6D19700FA33DA /* SettingsViewController.swift */ = {isa = PBXFileReference; lastKnownFileType = sourcecode.swift; path = SettingsViewController.swift; sourceTree = "<group>"; };
		5D96081F29A6D1B000FA33DA /* SearchResultViewController.swift */ = {isa = PBXFileReference; lastKnownFileType = sourcecode.swift; path = SearchResultViewController.swift; sourceTree = "<group>"; };
		5D96082129A6D1E600FA33DA /* ListViewController.swift */ = {isa = PBXFileReference; lastKnownFileType = sourcecode.swift; path = ListViewController.swift; sourceTree = "<group>"; };
		5D96082329A6D21200FA33DA /* SearchViewController.swift */ = {isa = PBXFileReference; lastKnownFileType = sourcecode.swift; path = SearchViewController.swift; sourceTree = "<group>"; };
		5D96082529A6D3D000FA33DA /* DatabaseManager.swift */ = {isa = PBXFileReference; lastKnownFileType = sourcecode.swift; path = DatabaseManager.swift; sourceTree = "<group>"; };
		5D96082729A6D84B00FA33DA /* AuthManager.swift */ = {isa = PBXFileReference; lastKnownFileType = sourcecode.swift; path = AuthManager.swift; sourceTree = "<group>"; };
		5D96082929A6D8F100FA33DA /* StorageManager.swift */ = {isa = PBXFileReference; lastKnownFileType = sourcecode.swift; path = StorageManager.swift; sourceTree = "<group>"; };
		5D96082B29A6E1CB00FA33DA /* Extentions.swift */ = {isa = PBXFileReference; lastKnownFileType = sourcecode.swift; path = Extentions.swift; sourceTree = "<group>"; };
		5DD1CC3129AC8C6A00CA424D /* IGFeedPostTableViewCell.swift */ = {isa = PBXFileReference; lastKnownFileType = sourcecode.swift; path = IGFeedPostTableViewCell.swift; sourceTree = "<group>"; };
		5DD1CC3529AC939300CA424D /* IGFeedPostHeaderTableViewCell.swift */ = {isa = PBXFileReference; lastKnownFileType = sourcecode.swift; path = IGFeedPostHeaderTableViewCell.swift; sourceTree = "<group>"; };
		5DD1CC3729AC961C00CA424D /* IGFeedPostActionsTableViewCell.swift */ = {isa = PBXFileReference; lastKnownFileType = sourcecode.swift; path = IGFeedPostActionsTableViewCell.swift; sourceTree = "<group>"; };
		5DD1CC3929AC969D00CA424D /* IGFeedPostGeneralTableViewCell.swift */ = {isa = PBXFileReference; lastKnownFileType = sourcecode.swift; path = IGFeedPostGeneralTableViewCell.swift; sourceTree = "<group>"; };
		5DD1CC3F29AEF0F800CA424D /* FormTableViewCell.swift */ = {isa = PBXFileReference; lastKnownFileType = sourcecode.swift; path = FormTableViewCell.swift; sourceTree = "<group>"; };
		5DE8F68829BAB81700C80991 /* UserFollowTableViewCell.swift */ = {isa = PBXFileReference; lastKnownFileType = sourcecode.swift; path = UserFollowTableViewCell.swift; sourceTree = "<group>"; };
		5DE8F68A29BABDFB00C80991 /* PhotoTableViewCell.swift */ = {isa = PBXFileReference; lastKnownFileType = sourcecode.swift; path = PhotoTableViewCell.swift; sourceTree = "<group>"; };
		EBF0568708AB2B8F695F1D3C /* Pods-Instagram_feed.release.xcconfig */ = {isa = PBXFileReference; includeInIndex = 1; lastKnownFileType = text.xcconfig; name = "Pods-Instagram_feed.release.xcconfig"; path = "Target Support Files/Pods-Instagram_feed/Pods-Instagram_feed.release.xcconfig"; sourceTree = "<group>"; };
/* End PBXFileReference section */

/* Begin PBXFrameworksBuildPhase section */
		5D70FCD229A45C89001D1C37 /* Frameworks */ = {
			isa = PBXFrameworksBuildPhase;
			buildActionMask = 2147483647;
			files = (
				29F40D3C9AE268A6E4B2F841 /* Pods_Instagram_feed.framework in Frameworks */,
			);
			runOnlyForDeploymentPostprocessing = 0;
		};
/* End PBXFrameworksBuildPhase section */

/* Begin PBXGroup section */
		0A9A7E710E79192756114696 /* Pods */ = {
			isa = PBXGroup;
			children = (
				258A9D55B76F4258E60AA630 /* Pods-Instagram_feed.debug.xcconfig */,
				EBF0568708AB2B8F695F1D3C /* Pods-Instagram_feed.release.xcconfig */,
			);
			path = Pods;
			sourceTree = "<group>";
		};
		26811A948ABA42F7550AFD22 /* Frameworks */ = {
			isa = PBXGroup;
			children = (
				188C34CCC8BF8D9568C3611F /* Pods_Instagram_feed.framework */,
			);
			name = Frameworks;
			sourceTree = "<group>";
		};
		5D096D5229B3337F00439445 /* ColectionView Headers */ = {
			isa = PBXGroup;
			children = (
				5D096D5729B3357B00439445 /* ProfileInfoHeaderCollectionReusableView.swift */,
				5D096D5929B3361200439445 /* ProfileTabsCollectionReusableView.swift */,
			);
			path = "ColectionView Headers";
			sourceTree = "<group>";
		};
		5D1A440529BD8E830067D212 /*  Notifications */ = {
			isa = PBXGroup;
			children = (
				5D1A440629BD8F5B0067D212 /* NotificationsFollowEventTableViewCell.swift */,
				5D1A440829BD8FC30067D212 /* NotificationsLikeEventTableViewCell.swift */,
			);
			path = " Notifications";
			sourceTree = "<group>";
		};
		5D70FCCC29A45C89001D1C37 = {
			isa = PBXGroup;
			children = (
				5D70FCD729A45C89001D1C37 /* Instagram_feed */,
				5D70FCD629A45C89001D1C37 /* Products */,
				0A9A7E710E79192756114696 /* Pods */,
				26811A948ABA42F7550AFD22 /* Frameworks */,
			);
			sourceTree = "<group>";
		};
		5D70FCD629A45C89001D1C37 /* Products */ = {
			isa = PBXGroup;
			children = (
				5D70FCD529A45C89001D1C37 /* Instagram_feed.app */,
			);
			name = Products;
			sourceTree = "<group>";
		};
		5D70FCD729A45C89001D1C37 /* Instagram_feed */ = {
			isa = PBXGroup;
			children = (
				5D70FD0A29A45D1F001D1C37 /* Models */,
				5D70FD0929A45D05001D1C37 /* Views */,
				5D70FD0829A45CC4001D1C37 /* Controllers */,
				5D70FD0B29A45D61001D1C37 /* Resources  */,
				5D70FCE629A45C8B001D1C37 /* Info.plist */,
			);
			path = Instagram_feed;
			sourceTree = "<group>";
		};
		5D70FD0829A45CC4001D1C37 /* Controllers */ = {
			isa = PBXGroup;
			children = (
				5D70FD1829A46171001D1C37 /* Other */,
				5D70FD1729A46140001D1C37 /* Core Tabs */,
			);
			path = Controllers;
			sourceTree = "<group>";
		};
		5D70FD0929A45D05001D1C37 /* Views */ = {
			isa = PBXGroup;
			children = (
				5D096D5229B3337F00439445 /* ColectionView Headers */,
				5DD1CC3029AC8BEB00CA424D /* Cells */,
				5D70FD0C29A45DC8001D1C37 /* Storyboards */,
				5D70FCE129A45C8B001D1C37 /* Assets.xcassets */,
				5D1A440329BD71DD0067D212 /* NoNotificationsView.swift */,
			);
			path = Views;
			sourceTree = "<group>";
		};
		5D70FD0A29A45D1F001D1C37 /* Models */ = {
			isa = PBXGroup;
			children = (
				5D096D5E29B4567100439445 /* Models.swift */,
			);
			path = Models;
			sourceTree = "<group>";
		};
		5D70FD0B29A45D61001D1C37 /* Resources  */ = {
			isa = PBXGroup;
			children = (
				5D96081029A6A35E00FA33DA /* GoogleService-Info.plist */,
				5D70FCD829A45C89001D1C37 /* AppDelegate.swift */,
				5D70FCDA29A45C89001D1C37 /* SceneDelegate.swift */,
				5D96082529A6D3D000FA33DA /* DatabaseManager.swift */,
				5D96082929A6D8F100FA33DA /* StorageManager.swift */,
				5D66FAA929A9E21000801003 /* UIConstants.swift */,
				5D96082729A6D84B00FA33DA /* AuthManager.swift */,
				5D96082B29A6E1CB00FA33DA /* Extentions.swift */,
			);
			path = "Resources ";
			sourceTree = "<group>";
		};
		5D70FD0C29A45DC8001D1C37 /* Storyboards */ = {
			isa = PBXGroup;
			children = (
				5D70FCDE29A45C89001D1C37 /* Main.storyboard */,
				5D70FCE329A45C8B001D1C37 /* LaunchScreen.storyboard */,
			);
			path = Storyboards;
			sourceTree = "<group>";
		};
		5D70FD1729A46140001D1C37 /* Core Tabs */ = {
			isa = PBXGroup;
			children = (
				5D70FCDC29A45C89001D1C37 /* HomeViewController.swift */,
				5D70FD0E29A45F13001D1C37 /* ExploreViewController.swift */,
				5D70FD1029A45F5C001D1C37 /* CameraViewController.swift */,
				5D70FD1429A45FBB001D1C37 /* NotificationsViewController.swift */,
				5D70FD1229A45F88001D1C37 /* ProfileViewController.swift */,
			);
			path = "Core Tabs";
			sourceTree = "<group>";
		};
		5D70FD1829A46171001D1C37 /* Other */ = {
			isa = PBXGroup;
			children = (
				5D96081229A6C6AC00FA33DA /* General */,
				5D70FD1B29A461B3001D1C37 /* Onboarding */,
			);
			path = Other;
			sourceTree = "<group>";
		};
		5D70FD1B29A461B3001D1C37 /* Onboarding */ = {
			isa = PBXGroup;
			children = (
				5D70FD1929A4619F001D1C37 /* LoginViewController.swift */,
				5D1C2A6F29A5A4300028ED29 /* RegistrationViewController.swift */,
			);
			path = Onboarding;
			sourceTree = "<group>";
		};
		5D96081229A6C6AC00FA33DA /* General */ = {
			isa = PBXGroup;
			children = (
				5D96081529A6C6F700FA33DA /* PostViewController.swift */,
				5D96081F29A6D1B000FA33DA /* SearchResultViewController.swift */,
				5D96081D29A6D19700FA33DA /* SettingsViewController.swift */,
				5D96082129A6D1E600FA33DA /* ListViewController.swift */,
				5D96081729A6C72900FA33DA /* EditProfileViewController.swift */,
				5D96082329A6D21200FA33DA /* SearchViewController.swift */,
				5D96081929A6C74A00FA33DA /* PublishPostViewController.swift */,
				5D96081B29A6D16500FA33DA /* PostEditorViewController.swift */,
			);
			path = General;
			sourceTree = "<group>";
		};
		5DD1CC3029AC8BEB00CA424D /* Cells */ = {
			isa = PBXGroup;
			children = (
				5D1A440529BD8E830067D212 /*  Notifications */,
				5DD1CC3329AC914600CA424D /* Home Feed */,
				5DD1CC3F29AEF0F800CA424D /* FormTableViewCell.swift */,
				5D096D5B29B3385400439445 /* PhotoCollectionViewCell.swift */,
				5DE8F68829BAB81700C80991 /* UserFollowTableViewCell.swift */,
				5DE8F68A29BABDFB00C80991 /* PhotoTableViewCell.swift */,
			);
			path = Cells;
			sourceTree = "<group>";
		};
		5DD1CC3329AC914600CA424D /* Home Feed */ = {
			isa = PBXGroup;
			children = (
				5DD1CC3129AC8C6A00CA424D /* IGFeedPostTableViewCell.swift */,
				5DD1CC3529AC939300CA424D /* IGFeedPostHeaderTableViewCell.swift */,
				5DD1CC3729AC961C00CA424D /* IGFeedPostActionsTableViewCell.swift */,
				5DD1CC3929AC969D00CA424D /* IGFeedPostGeneralTableViewCell.swift */,
			);
			path = "Home Feed";
			sourceTree = "<group>";
		};
/* End PBXGroup section */

/* Begin PBXNativeTarget section */
		5D70FCD429A45C89001D1C37 /* Instagram_feed */ = {
			isa = PBXNativeTarget;
			buildConfigurationList = 5D70FCFF29A45C8B001D1C37 /* Build configuration list for PBXNativeTarget "Instagram_feed" */;
			buildPhases = (
				56F88C8EA688D7B14EB53698 /* [CP] Check Pods Manifest.lock */,
				5D70FCD129A45C89001D1C37 /* Sources */,
				5D70FCD229A45C89001D1C37 /* Frameworks */,
				5D70FCD329A45C89001D1C37 /* Resources */,
				ECDA1BA579772024CBD414B8 /* [CP] Embed Pods Frameworks */,
			);
			buildRules = (
			);
			dependencies = (
			);
			name = Instagram_feed;
			productName = Instagram_feed;
			productReference = 5D70FCD529A45C89001D1C37 /* Instagram_feed.app */;
			productType = "com.apple.product-type.application";
		};
/* End PBXNativeTarget section */

/* Begin PBXProject section */
		5D70FCCD29A45C89001D1C37 /* Project object */ = {
			isa = PBXProject;
			attributes = {
				BuildIndependentTargetsInParallel = 1;
				LastSwiftUpdateCheck = 1320;
				LastUpgradeCheck = 1320;
				TargetAttributes = {
					5D70FCD429A45C89001D1C37 = {
						CreatedOnToolsVersion = 13.2;
					};
				};
			};
			buildConfigurationList = 5D70FCD029A45C89001D1C37 /* Build configuration list for PBXProject "Instagram_feed" */;
			compatibilityVersion = "Xcode 13.0";
			developmentRegion = en;
			hasScannedForEncodings = 0;
			knownRegions = (
				en,
				Base,
			);
			mainGroup = 5D70FCCC29A45C89001D1C37;
			productRefGroup = 5D70FCD629A45C89001D1C37 /* Products */;
			projectDirPath = "";
			projectRoot = "";
			targets = (
				5D70FCD429A45C89001D1C37 /* Instagram_feed */,
			);
		};
/* End PBXProject section */

/* Begin PBXResourcesBuildPhase section */
		5D70FCD329A45C89001D1C37 /* Resources */ = {
			isa = PBXResourcesBuildPhase;
			buildActionMask = 2147483647;
			files = (
				5D70FCE529A45C8B001D1C37 /* LaunchScreen.storyboard in Resources */,
				5D96081129A6A35E00FA33DA /* GoogleService-Info.plist in Resources */,
				5D70FCE229A45C8B001D1C37 /* Assets.xcassets in Resources */,
				5D70FCE029A45C89001D1C37 /* Main.storyboard in Resources */,
			);
			runOnlyForDeploymentPostprocessing = 0;
		};
/* End PBXResourcesBuildPhase section */

/* Begin PBXShellScriptBuildPhase section */
		56F88C8EA688D7B14EB53698 /* [CP] Check Pods Manifest.lock */ = {
			isa = PBXShellScriptBuildPhase;
			buildActionMask = 2147483647;
			files = (
			);
			inputFileListPaths = (
			);
			inputPaths = (
				"${PODS_PODFILE_DIR_PATH}/Podfile.lock",
				"${PODS_ROOT}/Manifest.lock",
			);
			name = "[CP] Check Pods Manifest.lock";
			outputFileListPaths = (
			);
			outputPaths = (
				"$(DERIVED_FILE_DIR)/Pods-Instagram_feed-checkManifestLockResult.txt",
			);
			runOnlyForDeploymentPostprocessing = 0;
			shellPath = /bin/sh;
			shellScript = "diff \"${PODS_PODFILE_DIR_PATH}/Podfile.lock\" \"${PODS_ROOT}/Manifest.lock\" > /dev/null\nif [ $? != 0 ] ; then\n    # print error to STDERR\n    echo \"error: The sandbox is not in sync with the Podfile.lock. Run 'pod install' or update your CocoaPods installation.\" >&2\n    exit 1\nfi\n# This output is used by Xcode 'outputs' to avoid re-running this script phase.\necho \"SUCCESS\" > \"${SCRIPT_OUTPUT_FILE_0}\"\n";
			showEnvVarsInLog = 0;
		};
		ECDA1BA579772024CBD414B8 /* [CP] Embed Pods Frameworks */ = {
			isa = PBXShellScriptBuildPhase;
			buildActionMask = 2147483647;
			files = (
			);
			inputFileListPaths = (
				"${PODS_ROOT}/Target Support Files/Pods-Instagram_feed/Pods-Instagram_feed-frameworks-${CONFIGURATION}-input-files.xcfilelist",
			);
			name = "[CP] Embed Pods Frameworks";
			outputFileListPaths = (
				"${PODS_ROOT}/Target Support Files/Pods-Instagram_feed/Pods-Instagram_feed-frameworks-${CONFIGURATION}-output-files.xcfilelist",
			);
			runOnlyForDeploymentPostprocessing = 0;
			shellPath = /bin/sh;
			shellScript = "\"${PODS_ROOT}/Target Support Files/Pods-Instagram_feed/Pods-Instagram_feed-frameworks.sh\"\n";
			showEnvVarsInLog = 0;
		};
/* End PBXShellScriptBuildPhase section */

/* Begin PBXSourcesBuildPhase section */
		5D70FCD129A45C89001D1C37 /* Sources */ = {
			isa = PBXSourcesBuildPhase;
			buildActionMask = 2147483647;
			files = (
				5D1A440929BD8FC30067D212 /* NotificationsLikeEventTableViewCell.swift in Sources */,
				5D96081829A6C72900FA33DA /* EditProfileViewController.swift in Sources */,
				5D96081C29A6D16500FA33DA /* PostEditorViewController.swift in Sources */,
				5D70FD1329A45F88001D1C37 /* ProfileViewController.swift in Sources */,
				5D96082429A6D21200FA33DA /* SearchViewController.swift in Sources */,
				5DD1CC3629AC939300CA424D /* IGFeedPostHeaderTableViewCell.swift in Sources */,
				5D70FD0F29A45F13001D1C37 /* ExploreViewController.swift in Sources */,
				5D70FD1129A45F5C001D1C37 /* CameraViewController.swift in Sources */,
				5D1C2A7029A5A4300028ED29 /* RegistrationViewController.swift in Sources */,
				5DD1CC3A29AC969D00CA424D /* IGFeedPostGeneralTableViewCell.swift in Sources */,
				5D96082A29A6D8F100FA33DA /* StorageManager.swift in Sources */,
				5DD1CC4029AEF0F800CA424D /* FormTableViewCell.swift in Sources */,
				5D096D5C29B3385400439445 /* PhotoCollectionViewCell.swift in Sources */,
				5DD1CC3229AC8C6A00CA424D /* IGFeedPostTableViewCell.swift in Sources */,
				5DE8F68929BAB81700C80991 /* UserFollowTableViewCell.swift in Sources */,
				5D96081629A6C6F700FA33DA /* PostViewController.swift in Sources */,
				5D96082629A6D3D000FA33DA /* DatabaseManager.swift in Sources */,
				5D96082029A6D1B000FA33DA /* SearchResultViewController.swift in Sources */,
				5D70FCDD29A45C89001D1C37 /* HomeViewController.swift in Sources */,
				5D70FD1A29A4619F001D1C37 /* LoginViewController.swift in Sources */,
				5D96081E29A6D19700FA33DA /* SettingsViewController.swift in Sources */,
				5D70FCD929A45C89001D1C37 /* AppDelegate.swift in Sources */,
				5D096D5A29B3361200439445 /* ProfileTabsCollectionReusableView.swift in Sources */,
				5D096D5829B3357B00439445 /* ProfileInfoHeaderCollectionReusableView.swift in Sources */,
				5D96082829A6D84B00FA33DA /* AuthManager.swift in Sources */,
				5D70FD1529A45FBB001D1C37 /* NotificationsViewController.swift in Sources */,
				5D096D5F29B4567100439445 /* Models.swift in Sources */,
				5D1A440429BD71DD0067D212 /* NoNotificationsView.swift in Sources */,
				5D1A440729BD8F5B0067D212 /* NotificationsFollowEventTableViewCell.swift in Sources */,
				5D96081A29A6C74A00FA33DA /* PublishPostViewController.swift in Sources */,
				5D96082229A6D1E600FA33DA /* ListViewController.swift in Sources */,
				5D66FAAA29A9E21000801003 /* UIConstants.swift in Sources */,
				5DD1CC3829AC961C00CA424D /* IGFeedPostActionsTableViewCell.swift in Sources */,
				5D70FCDB29A45C89001D1C37 /* SceneDelegate.swift in Sources */,
				5D96082C29A6E1CB00FA33DA /* Extentions.swift in Sources */,
				5DE8F68B29BABDFB00C80991 /* PhotoTableViewCell.swift in Sources */,
			);
			runOnlyForDeploymentPostprocessing = 0;
		};
/* End PBXSourcesBuildPhase section */

/* Begin PBXVariantGroup section */
		5D70FCDE29A45C89001D1C37 /* Main.storyboard */ = {
			isa = PBXVariantGroup;
			children = (
				5D70FCDF29A45C89001D1C37 /* Base */,
			);
			name = Main.storyboard;
			sourceTree = "<group>";
		};
		5D70FCE329A45C8B001D1C37 /* LaunchScreen.storyboard */ = {
			isa = PBXVariantGroup;
			children = (
				5D70FCE429A45C8B001D1C37 /* Base */,
			);
			name = LaunchScreen.storyboard;
			sourceTree = "<group>";
		};
/* End PBXVariantGroup section */

/* Begin XCBuildConfiguration section */
		5D70FCFD29A45C8B001D1C37 /* Debug */ = {
			isa = XCBuildConfiguration;
			buildSettings = {
				ALWAYS_SEARCH_USER_PATHS = NO;
				CLANG_ANALYZER_NONNULL = YES;
				CLANG_ANALYZER_NUMBER_OBJECT_CONVERSION = YES_AGGRESSIVE;
				CLANG_CXX_LANGUAGE_STANDARD = "gnu++17";
				CLANG_CXX_LIBRARY = "libc++";
				CLANG_ENABLE_MODULES = YES;
				CLANG_ENABLE_OBJC_ARC = YES;
				CLANG_ENABLE_OBJC_WEAK = YES;
				CLANG_WARN_BLOCK_CAPTURE_AUTORELEASING = YES;
				CLANG_WARN_BOOL_CONVERSION = YES;
				CLANG_WARN_COMMA = YES;
				CLANG_WARN_CONSTANT_CONVERSION = YES;
				CLANG_WARN_DEPRECATED_OBJC_IMPLEMENTATIONS = YES;
				CLANG_WARN_DIRECT_OBJC_ISA_USAGE = YES_ERROR;
				CLANG_WARN_DOCUMENTATION_COMMENTS = YES;
				CLANG_WARN_EMPTY_BODY = YES;
				CLANG_WARN_ENUM_CONVERSION = YES;
				CLANG_WARN_INFINITE_RECURSION = YES;
				CLANG_WARN_INT_CONVERSION = YES;
				CLANG_WARN_NON_LITERAL_NULL_CONVERSION = YES;
				CLANG_WARN_OBJC_IMPLICIT_RETAIN_SELF = YES;
				CLANG_WARN_OBJC_LITERAL_CONVERSION = YES;
				CLANG_WARN_OBJC_ROOT_CLASS = YES_ERROR;
				CLANG_WARN_QUOTED_INCLUDE_IN_FRAMEWORK_HEADER = YES;
				CLANG_WARN_RANGE_LOOP_ANALYSIS = YES;
				CLANG_WARN_STRICT_PROTOTYPES = YES;
				CLANG_WARN_SUSPICIOUS_MOVE = YES;
				CLANG_WARN_UNGUARDED_AVAILABILITY = YES_AGGRESSIVE;
				CLANG_WARN_UNREACHABLE_CODE = YES;
				CLANG_WARN__DUPLICATE_METHOD_MATCH = YES;
				COPY_PHASE_STRIP = NO;
				DEBUG_INFORMATION_FORMAT = dwarf;
				ENABLE_STRICT_OBJC_MSGSEND = YES;
				ENABLE_TESTABILITY = YES;
				GCC_C_LANGUAGE_STANDARD = gnu11;
				GCC_DYNAMIC_NO_PIC = NO;
				GCC_NO_COMMON_BLOCKS = YES;
				GCC_OPTIMIZATION_LEVEL = 0;
				GCC_PREPROCESSOR_DEFINITIONS = (
					"DEBUG=1",
					"$(inherited)",
				);
				GCC_WARN_64_TO_32_BIT_CONVERSION = YES;
				GCC_WARN_ABOUT_RETURN_TYPE = YES_ERROR;
				GCC_WARN_UNDECLARED_SELECTOR = YES;
				GCC_WARN_UNINITIALIZED_AUTOS = YES_AGGRESSIVE;
				GCC_WARN_UNUSED_FUNCTION = YES;
				GCC_WARN_UNUSED_VARIABLE = YES;
				IPHONEOS_DEPLOYMENT_TARGET = 15.2;
				MTL_ENABLE_DEBUG_INFO = INCLUDE_SOURCE;
				MTL_FAST_MATH = YES;
				ONLY_ACTIVE_ARCH = YES;
				SDKROOT = iphoneos;
				SWIFT_ACTIVE_COMPILATION_CONDITIONS = DEBUG;
				SWIFT_OPTIMIZATION_LEVEL = "-Onone";
			};
			name = Debug;
		};
		5D70FCFE29A45C8B001D1C37 /* Release */ = {
			isa = XCBuildConfiguration;
			buildSettings = {
				ALWAYS_SEARCH_USER_PATHS = NO;
				CLANG_ANALYZER_NONNULL = YES;
				CLANG_ANALYZER_NUMBER_OBJECT_CONVERSION = YES_AGGRESSIVE;
				CLANG_CXX_LANGUAGE_STANDARD = "gnu++17";
				CLANG_CXX_LIBRARY = "libc++";
				CLANG_ENABLE_MODULES = YES;
				CLANG_ENABLE_OBJC_ARC = YES;
				CLANG_ENABLE_OBJC_WEAK = YES;
				CLANG_WARN_BLOCK_CAPTURE_AUTORELEASING = YES;
				CLANG_WARN_BOOL_CONVERSION = YES;
				CLANG_WARN_COMMA = YES;
				CLANG_WARN_CONSTANT_CONVERSION = YES;
				CLANG_WARN_DEPRECATED_OBJC_IMPLEMENTATIONS = YES;
				CLANG_WARN_DIRECT_OBJC_ISA_USAGE = YES_ERROR;
				CLANG_WARN_DOCUMENTATION_COMMENTS = YES;
				CLANG_WARN_EMPTY_BODY = YES;
				CLANG_WARN_ENUM_CONVERSION = YES;
				CLANG_WARN_INFINITE_RECURSION = YES;
				CLANG_WARN_INT_CONVERSION = YES;
				CLANG_WARN_NON_LITERAL_NULL_CONVERSION = YES;
				CLANG_WARN_OBJC_IMPLICIT_RETAIN_SELF = YES;
				CLANG_WARN_OBJC_LITERAL_CONVERSION = YES;
				CLANG_WARN_OBJC_ROOT_CLASS = YES_ERROR;
				CLANG_WARN_QUOTED_INCLUDE_IN_FRAMEWORK_HEADER = YES;
				CLANG_WARN_RANGE_LOOP_ANALYSIS = YES;
				CLANG_WARN_STRICT_PROTOTYPES = YES;
				CLANG_WARN_SUSPICIOUS_MOVE = YES;
				CLANG_WARN_UNGUARDED_AVAILABILITY = YES_AGGRESSIVE;
				CLANG_WARN_UNREACHABLE_CODE = YES;
				CLANG_WARN__DUPLICATE_METHOD_MATCH = YES;
				COPY_PHASE_STRIP = NO;
				DEBUG_INFORMATION_FORMAT = "dwarf-with-dsym";
				ENABLE_NS_ASSERTIONS = NO;
				ENABLE_STRICT_OBJC_MSGSEND = YES;
				GCC_C_LANGUAGE_STANDARD = gnu11;
				GCC_NO_COMMON_BLOCKS = YES;
				GCC_WARN_64_TO_32_BIT_CONVERSION = YES;
				GCC_WARN_ABOUT_RETURN_TYPE = YES_ERROR;
				GCC_WARN_UNDECLARED_SELECTOR = YES;
				GCC_WARN_UNINITIALIZED_AUTOS = YES_AGGRESSIVE;
				GCC_WARN_UNUSED_FUNCTION = YES;
				GCC_WARN_UNUSED_VARIABLE = YES;
				IPHONEOS_DEPLOYMENT_TARGET = 15.2;
				MTL_ENABLE_DEBUG_INFO = NO;
				MTL_FAST_MATH = YES;
				SDKROOT = iphoneos;
				SWIFT_COMPILATION_MODE = wholemodule;
				SWIFT_OPTIMIZATION_LEVEL = "-O";
				VALIDATE_PRODUCT = YES;
			};
			name = Release;
		};
		5D70FD0029A45C8B001D1C37 /* Debug */ = {
			isa = XCBuildConfiguration;
			baseConfigurationReference = 258A9D55B76F4258E60AA630 /* Pods-Instagram_feed.debug.xcconfig */;
			buildSettings = {
				ASSETCATALOG_COMPILER_APPICON_NAME = AppIcon;
				ASSETCATALOG_COMPILER_GLOBAL_ACCENT_COLOR_NAME = AccentColor;
				CODE_SIGN_STYLE = Automatic;
				CURRENT_PROJECT_VERSION = 1;
				GENERATE_INFOPLIST_FILE = YES;
				INFOPLIST_FILE = Instagram_feed/Info.plist;
				INFOPLIST_KEY_UIApplicationSupportsIndirectInputEvents = YES;
				INFOPLIST_KEY_UILaunchStoryboardName = LaunchScreen;
				INFOPLIST_KEY_UIMainStoryboardFile = Main;
				INFOPLIST_KEY_UISupportedInterfaceOrientations = UIInterfaceOrientationPortrait;
				INFOPLIST_KEY_UISupportedInterfaceOrientations_iPad = "UIInterfaceOrientationPortrait UIInterfaceOrientationPortraitUpsideDown UIInterfaceOrientationLandscapeLeft UIInterfaceOrientationLandscapeRight";
				INFOPLIST_KEY_UISupportedInterfaceOrientations_iPhone = "UIInterfaceOrientationPortrait UIInterfaceOrientationLandscapeLeft UIInterfaceOrientationLandscapeRight";
				IPHONEOS_DEPLOYMENT_TARGET = 15.2;
				LD_RUNPATH_SEARCH_PATHS = (
					"$(inherited)",
					"@executable_path/Frameworks",
				);
				MARKETING_VERSION = 1.0;
				PRODUCT_BUNDLE_IDENTIFIER = "com.test.Instagram-feed";
				PRODUCT_NAME = "$(TARGET_NAME)";
				SWIFT_EMIT_LOC_STRINGS = YES;
				SWIFT_VERSION = 5.0;
				TARGETED_DEVICE_FAMILY = "1,2";
			};
			name = Debug;
		};
		5D70FD0129A45C8B001D1C37 /* Release */ = {
			isa = XCBuildConfiguration;
			baseConfigurationReference = EBF0568708AB2B8F695F1D3C /* Pods-Instagram_feed.release.xcconfig */;
			buildSettings = {
				ASSETCATALOG_COMPILER_APPICON_NAME = AppIcon;
				ASSETCATALOG_COMPILER_GLOBAL_ACCENT_COLOR_NAME = AccentColor;
				CODE_SIGN_STYLE = Automatic;
				CURRENT_PROJECT_VERSION = 1;
				GENERATE_INFOPLIST_FILE = YES;
				INFOPLIST_FILE = Instagram_feed/Info.plist;
				INFOPLIST_KEY_UIApplicationSupportsIndirectInputEvents = YES;
				INFOPLIST_KEY_UILaunchStoryboardName = LaunchScreen;
				INFOPLIST_KEY_UIMainStoryboardFile = Main;
				INFOPLIST_KEY_UISupportedInterfaceOrientations = UIInterfaceOrientationPortrait;
				INFOPLIST_KEY_UISupportedInterfaceOrientations_iPad = "UIInterfaceOrientationPortrait UIInterfaceOrientationPortraitUpsideDown UIInterfaceOrientationLandscapeLeft UIInterfaceOrientationLandscapeRight";
				INFOPLIST_KEY_UISupportedInterfaceOrientations_iPhone = "UIInterfaceOrientationPortrait UIInterfaceOrientationLandscapeLeft UIInterfaceOrientationLandscapeRight";
				IPHONEOS_DEPLOYMENT_TARGET = 15.2;
				LD_RUNPATH_SEARCH_PATHS = (
					"$(inherited)",
					"@executable_path/Frameworks",
				);
				MARKETING_VERSION = 1.0;
				PRODUCT_BUNDLE_IDENTIFIER = "com.test.Instagram-feed";
				PRODUCT_NAME = "$(TARGET_NAME)";
				SWIFT_EMIT_LOC_STRINGS = YES;
				SWIFT_VERSION = 5.0;
				TARGETED_DEVICE_FAMILY = "1,2";
			};
			name = Release;
		};
/* End XCBuildConfiguration section */

/* Begin XCConfigurationList section */
		5D70FCD029A45C89001D1C37 /* Build configuration list for PBXProject "Instagram_feed" */ = {
			isa = XCConfigurationList;
			buildConfigurations = (
				5D70FCFD29A45C8B001D1C37 /* Debug */,
				5D70FCFE29A45C8B001D1C37 /* Release */,
			);
			defaultConfigurationIsVisible = 0;
			defaultConfigurationName = Release;
		};
		5D70FCFF29A45C8B001D1C37 /* Build configuration list for PBXNativeTarget "Instagram_feed" */ = {
			isa = XCConfigurationList;
			buildConfigurations = (
				5D70FD0029A45C8B001D1C37 /* Debug */,
				5D70FD0129A45C8B001D1C37 /* Release */,
			);
			defaultConfigurationIsVisible = 0;
			defaultConfigurationName = Release;
		};
/* End XCConfigurationList section */
	};
	rootObject = 5D70FCCD29A45C89001D1C37 /* Project object */;
}
